
Microsoft Visual Studio Solution File, Format Version 11.00
# Visual C# Express 2010
Project("{FAE04EC0-301F-11D3-BF4B-00C04F79EFBC}") = "Framework", "Framework\Framework.csproj", "{50AB26D8-4A41-4416-93CD-9CC742ED25EE}"
EndProject
Global
	GlobalSection(SolutionConfigurationPlatforms) = preSolution
		Debug|Any CPU = Debug|Any CPU
		Release|Any CPU = Release|Any CPU
	EndGlobalSection
	GlobalSection(ProjectConfigurationPlatforms) = postSolution
		{50AB26D8-4A41-4416-93CD-9CC742ED25EE}.Debug|Any CPU.ActiveCfg = Debug|Any CPU
		{50AB26D8-4A41-4416-93CD-9CC742ED25EE}.Debug|Any CPU.Build.0 = Debug|Any CPU
		{50AB26D8-4A41-4416-93CD-9CC742ED25EE}.Release|Any CPU.ActiveCfg = Release|Any CPU
		{50AB26D8-4A41-4416-93CD-9CC742ED25EE}.Release|Any CPU.Build.0 = Release|Any CPU
	EndGlobalSection
	GlobalSection(SolutionProperties) = preSolution
		HideSolutionNode = FALSE
	EndGlobalSection
EndGlobal
